// !$*UTF8*$!
{
	archiveVersion = 1;
	classes = {
	};
	objectVersion = 56;
	objects = {

/* Begin PBXBuildFile section */
		0693238051F2DFB014E465BF /* Pods_Meal_Finder_Meal_FinderUITests.framework in Frameworks */ = {isa = PBXBuildFile; fileRef = 8CC5E8B9CDDBA562284242D3 /* Pods_Meal_Finder_Meal_FinderUITests.framework */; };
		301B87FBCE6320B48D53315B /* Pods_Meal_Finder.framework in Frameworks */ = {isa = PBXBuildFile; fileRef = 37A072B39C849ECB56725DFF /* Pods_Meal_Finder.framework */; };
		B528C8F62A0E8F1500A3E3DD /* HomeVC.swift in Sources */ = {isa = PBXBuildFile; fileRef = B528C8F52A0E8F1500A3E3DD /* HomeVC.swift */; };
		B528C8F82A0E8F4E00A3E3DD /* HistoryVC.swift in Sources */ = {isa = PBXBuildFile; fileRef = B528C8F72A0E8F4E00A3E3DD /* HistoryVC.swift */; };
		B55E734A29D43B5A0061158E /* DetailVC.swift in Sources */ = {isa = PBXBuildFile; fileRef = B55E734929D43B5A0061158E /* DetailVC.swift */; };
		B56026E52A13649C00122684 /* InggredientCell.swift in Sources */ = {isa = PBXBuildFile; fileRef = B56026E32A13649C00122684 /* InggredientCell.swift */; };
		B56026E62A13649C00122684 /* InggredientCell.xib in Resources */ = {isa = PBXBuildFile; fileRef = B56026E42A13649C00122684 /* InggredientCell.xib */; };
		B5617BE02A0CC1D1009F481D /* TableViewCell.swift in Sources */ = {isa = PBXBuildFile; fileRef = B5617BDE2A0CC1D1009F481D /* TableViewCell.swift */; };
		B5617BE12A0CC1D1009F481D /* TableViewCell.xib in Resources */ = {isa = PBXBuildFile; fileRef = B5617BDF2A0CC1D1009F481D /* TableViewCell.xib */; };
		B56C968B2A0B79F80078B785 /* FavoriteVC.swift in Sources */ = {isa = PBXBuildFile; fileRef = B56C968A2A0B79F80078B785 /* FavoriteVC.swift */; };
		B5AD0E0129D3DEB200F0C9EC /* AppDelegate.swift in Sources */ = {isa = PBXBuildFile; fileRef = B5AD0E0029D3DEB200F0C9EC /* AppDelegate.swift */; };
		B5AD0E0329D3DEB200F0C9EC /* SceneDelegate.swift in Sources */ = {isa = PBXBuildFile; fileRef = B5AD0E0229D3DEB200F0C9EC /* SceneDelegate.swift */; };
		B5AD0E0529D3DEB200F0C9EC /* ViewController.swift in Sources */ = {isa = PBXBuildFile; fileRef = B5AD0E0429D3DEB200F0C9EC /* ViewController.swift */; };
		B5AD0E0829D3DEB200F0C9EC /* Main.storyboard in Resources */ = {isa = PBXBuildFile; fileRef = B5AD0E0629D3DEB200F0C9EC /* Main.storyboard */; };
		B5AD0E0A29D3DEB400F0C9EC /* Assets.xcassets in Resources */ = {isa = PBXBuildFile; fileRef = B5AD0E0929D3DEB400F0C9EC /* Assets.xcassets */; };
		B5AD0E0D29D3DEB400F0C9EC /* LaunchScreen.storyboard in Resources */ = {isa = PBXBuildFile; fileRef = B5AD0E0B29D3DEB400F0C9EC /* LaunchScreen.storyboard */; };
		B5AD0E1829D3DEB400F0C9EC /* Meal_FinderTests.swift in Sources */ = {isa = PBXBuildFile; fileRef = B5AD0E1729D3DEB400F0C9EC /* Meal_FinderTests.swift */; };
		B5AD0E2229D3DEB500F0C9EC /* Meal_FinderUITests.swift in Sources */ = {isa = PBXBuildFile; fileRef = B5AD0E2129D3DEB500F0C9EC /* Meal_FinderUITests.swift */; };
		B5AD0E2429D3DEB500F0C9EC /* Meal_FinderUITestsLaunchTests.swift in Sources */ = {isa = PBXBuildFile; fileRef = B5AD0E2329D3DEB500F0C9EC /* Meal_FinderUITestsLaunchTests.swift */; };
		B5AD0E3129D3E68D00F0C9EC /* MealClass.swift in Sources */ = {isa = PBXBuildFile; fileRef = B5AD0E3029D3E68D00F0C9EC /* MealClass.swift */; };
		B5AD0E3429D3EF0400F0C9EC /* MealCollectionCell.swift in Sources */ = {isa = PBXBuildFile; fileRef = B5AD0E3229D3EF0400F0C9EC /* MealCollectionCell.swift */; };
		B5AD0E3529D3EF0400F0C9EC /* MealCollectionCell.xib in Resources */ = {isa = PBXBuildFile; fileRef = B5AD0E3329D3EF0400F0C9EC /* MealCollectionCell.xib */; };
		B5F6465B2A15DDA20059AD8D /* Checkbox.swift in Sources */ = {isa = PBXBuildFile; fileRef = B5F6465A2A15DDA20059AD8D /* Checkbox.swift */; };
		BBAEF640D3BFDC7F95334C05 /* Pods_Meal_FinderTests.framework in Frameworks */ = {isa = PBXBuildFile; fileRef = 535BF2BAF2C8056AFF580B89 /* Pods_Meal_FinderTests.framework */; };
/* End PBXBuildFile section */

/* Begin PBXContainerItemProxy section */
		B5AD0E1429D3DEB400F0C9EC /* PBXContainerItemProxy */ = {
			isa = PBXContainerItemProxy;
			containerPortal = B5AD0DF529D3DEB200F0C9EC /* Project object */;
			proxyType = 1;
			remoteGlobalIDString = B5AD0DFC29D3DEB200F0C9EC;
			remoteInfo = "Meal Finder";
		};
		B5AD0E1E29D3DEB500F0C9EC /* PBXContainerItemProxy */ = {
			isa = PBXContainerItemProxy;
			containerPortal = B5AD0DF529D3DEB200F0C9EC /* Project object */;
			proxyType = 1;
			remoteGlobalIDString = B5AD0DFC29D3DEB200F0C9EC;
			remoteInfo = "Meal Finder";
		};
/* End PBXContainerItemProxy section */

/* Begin PBXFileReference section */
		37A072B39C849ECB56725DFF /* Pods_Meal_Finder.framework */ = {isa = PBXFileReference; explicitFileType = wrapper.framework; includeInIndex = 0; path = Pods_Meal_Finder.framework; sourceTree = BUILT_PRODUCTS_DIR; };
		535BF2BAF2C8056AFF580B89 /* Pods_Meal_FinderTests.framework */ = {isa = PBXFileReference; explicitFileType = wrapper.framework; includeInIndex = 0; path = Pods_Meal_FinderTests.framework; sourceTree = BUILT_PRODUCTS_DIR; };
		677A792B615B027AF4F54497 /* Pods-Meal FinderTests.debug.xcconfig */ = {isa = PBXFileReference; includeInIndex = 1; lastKnownFileType = text.xcconfig; name = "Pods-Meal FinderTests.debug.xcconfig"; path = "Target Support Files/Pods-Meal FinderTests/Pods-Meal FinderTests.debug.xcconfig"; sourceTree = "<group>"; };
		7E8225E55EC9C2D76A5E355C /* Pods-Meal FinderTests.release.xcconfig */ = {isa = PBXFileReference; includeInIndex = 1; lastKnownFileType = text.xcconfig; name = "Pods-Meal FinderTests.release.xcconfig"; path = "Target Support Files/Pods-Meal FinderTests/Pods-Meal FinderTests.release.xcconfig"; sourceTree = "<group>"; };
		8899DD0E000C42529311E347 /* Pods-Meal Finder-Meal FinderUITests.debug.xcconfig */ = {isa = PBXFileReference; includeInIndex = 1; lastKnownFileType = text.xcconfig; name = "Pods-Meal Finder-Meal FinderUITests.debug.xcconfig"; path = "Target Support Files/Pods-Meal Finder-Meal FinderUITests/Pods-Meal Finder-Meal FinderUITests.debug.xcconfig"; sourceTree = "<group>"; };
		8CC5E8B9CDDBA562284242D3 /* Pods_Meal_Finder_Meal_FinderUITests.framework */ = {isa = PBXFileReference; explicitFileType = wrapper.framework; includeInIndex = 0; path = Pods_Meal_Finder_Meal_FinderUITests.framework; sourceTree = BUILT_PRODUCTS_DIR; };
		B528C8F52A0E8F1500A3E3DD /* HomeVC.swift */ = {isa = PBXFileReference; lastKnownFileType = sourcecode.swift; path = HomeVC.swift; sourceTree = "<group>"; };
		B528C8F72A0E8F4E00A3E3DD /* HistoryVC.swift */ = {isa = PBXFileReference; lastKnownFileType = sourcecode.swift; path = HistoryVC.swift; sourceTree = "<group>"; };
		B55E734929D43B5A0061158E /* DetailVC.swift */ = {isa = PBXFileReference; lastKnownFileType = sourcecode.swift; path = DetailVC.swift; sourceTree = "<group>"; };
		B56026E32A13649C00122684 /* InggredientCell.swift */ = {isa = PBXFileReference; lastKnownFileType = sourcecode.swift; path = InggredientCell.swift; sourceTree = "<group>"; };
		B56026E42A13649C00122684 /* InggredientCell.xib */ = {isa = PBXFileReference; lastKnownFileType = file.xib; path = InggredientCell.xib; sourceTree = "<group>"; };
		B5617BDE2A0CC1D1009F481D /* TableViewCell.swift */ = {isa = PBXFileReference; lastKnownFileType = sourcecode.swift; path = TableViewCell.swift; sourceTree = "<group>"; };
		B5617BDF2A0CC1D1009F481D /* TableViewCell.xib */ = {isa = PBXFileReference; lastKnownFileType = file.xib; path = TableViewCell.xib; sourceTree = "<group>"; };
		B56C968A2A0B79F80078B785 /* FavoriteVC.swift */ = {isa = PBXFileReference; lastKnownFileType = sourcecode.swift; path = FavoriteVC.swift; sourceTree = "<group>"; };
		B5AD0DFD29D3DEB200F0C9EC /* Meal Finder.app */ = {isa = PBXFileReference; explicitFileType = wrapper.application; includeInIndex = 0; path = "Meal Finder.app"; sourceTree = BUILT_PRODUCTS_DIR; };
		B5AD0E0029D3DEB200F0C9EC /* AppDelegate.swift */ = {isa = PBXFileReference; lastKnownFileType = sourcecode.swift; path = AppDelegate.swift; sourceTree = "<group>"; };
		B5AD0E0229D3DEB200F0C9EC /* SceneDelegate.swift */ = {isa = PBXFileReference; lastKnownFileType = sourcecode.swift; path = SceneDelegate.swift; sourceTree = "<group>"; };
		B5AD0E0429D3DEB200F0C9EC /* ViewController.swift */ = {isa = PBXFileReference; lastKnownFileType = sourcecode.swift; path = ViewController.swift; sourceTree = "<group>"; };
		B5AD0E0729D3DEB200F0C9EC /* Base */ = {isa = PBXFileReference; lastKnownFileType = file.storyboard; name = Base; path = Base.lproj/Main.storyboard; sourceTree = "<group>"; };
		B5AD0E0929D3DEB400F0C9EC /* Assets.xcassets */ = {isa = PBXFileReference; lastKnownFileType = folder.assetcatalog; path = Assets.xcassets; sourceTree = "<group>"; };
		B5AD0E0C29D3DEB400F0C9EC /* Base */ = {isa = PBXFileReference; lastKnownFileType = file.storyboard; name = Base; path = Base.lproj/LaunchScreen.storyboard; sourceTree = "<group>"; };
		B5AD0E0E29D3DEB400F0C9EC /* Info.plist */ = {isa = PBXFileReference; lastKnownFileType = text.plist.xml; path = Info.plist; sourceTree = "<group>"; };
		B5AD0E1329D3DEB400F0C9EC /* Meal FinderTests.xctest */ = {isa = PBXFileReference; explicitFileType = wrapper.cfbundle; includeInIndex = 0; path = "Meal FinderTests.xctest"; sourceTree = BUILT_PRODUCTS_DIR; };
		B5AD0E1729D3DEB400F0C9EC /* Meal_FinderTests.swift */ = {isa = PBXFileReference; lastKnownFileType = sourcecode.swift; path = Meal_FinderTests.swift; sourceTree = "<group>"; };
		B5AD0E1D29D3DEB500F0C9EC /* Meal FinderUITests.xctest */ = {isa = PBXFileReference; explicitFileType = wrapper.cfbundle; includeInIndex = 0; path = "Meal FinderUITests.xctest"; sourceTree = BUILT_PRODUCTS_DIR; };
		B5AD0E2129D3DEB500F0C9EC /* Meal_FinderUITests.swift */ = {isa = PBXFileReference; lastKnownFileType = sourcecode.swift; path = Meal_FinderUITests.swift; sourceTree = "<group>"; };
		B5AD0E2329D3DEB500F0C9EC /* Meal_FinderUITestsLaunchTests.swift */ = {isa = PBXFileReference; lastKnownFileType = sourcecode.swift; path = Meal_FinderUITestsLaunchTests.swift; sourceTree = "<group>"; };
		B5AD0E3029D3E68D00F0C9EC /* MealClass.swift */ = {isa = PBXFileReference; lastKnownFileType = sourcecode.swift; path = MealClass.swift; sourceTree = "<group>"; };
		B5AD0E3229D3EF0400F0C9EC /* MealCollectionCell.swift */ = {isa = PBXFileReference; lastKnownFileType = sourcecode.swift; path = MealCollectionCell.swift; sourceTree = "<group>"; };
		B5AD0E3329D3EF0400F0C9EC /* MealCollectionCell.xib */ = {isa = PBXFileReference; lastKnownFileType = file.xib; path = MealCollectionCell.xib; sourceTree = "<group>"; };
		B5F6465A2A15DDA20059AD8D /* Checkbox.swift */ = {isa = PBXFileReference; lastKnownFileType = sourcecode.swift; path = Checkbox.swift; sourceTree = "<group>"; };
		B68D10B1A8D81B730A1AB633 /* Pods-Meal Finder.release.xcconfig */ = {isa = PBXFileReference; includeInIndex = 1; lastKnownFileType = text.xcconfig; name = "Pods-Meal Finder.release.xcconfig"; path = "Target Support Files/Pods-Meal Finder/Pods-Meal Finder.release.xcconfig"; sourceTree = "<group>"; };
		D91798C830AC53819B997207 /* Pods-Meal Finder-Meal FinderUITests.release.xcconfig */ = {isa = PBXFileReference; includeInIndex = 1; lastKnownFileType = text.xcconfig; name = "Pods-Meal Finder-Meal FinderUITests.release.xcconfig"; path = "Target Support Files/Pods-Meal Finder-Meal FinderUITests/Pods-Meal Finder-Meal FinderUITests.release.xcconfig"; sourceTree = "<group>"; };
		E5EDAD69FF4E263DD9924D24 /* Pods-Meal Finder.debug.xcconfig */ = {isa = PBXFileReference; includeInIndex = 1; lastKnownFileType = text.xcconfig; name = "Pods-Meal Finder.debug.xcconfig"; path = "Target Support Files/Pods-Meal Finder/Pods-Meal Finder.debug.xcconfig"; sourceTree = "<group>"; };
/* End PBXFileReference section */

/* Begin PBXFrameworksBuildPhase section */
		B5AD0DFA29D3DEB200F0C9EC /* Frameworks */ = {
			isa = PBXFrameworksBuildPhase;
			buildActionMask = 2147483647;
			files = (
				301B87FBCE6320B48D53315B /* Pods_Meal_Finder.framework in Frameworks */,
			);
			runOnlyForDeploymentPostprocessing = 0;
		};
		B5AD0E1029D3DEB400F0C9EC /* Frameworks */ = {
			isa = PBXFrameworksBuildPhase;
			buildActionMask = 2147483647;
			files = (
				BBAEF640D3BFDC7F95334C05 /* Pods_Meal_FinderTests.framework in Frameworks */,
			);
			runOnlyForDeploymentPostprocessing = 0;
		};
		B5AD0E1A29D3DEB500F0C9EC /* Frameworks */ = {
			isa = PBXFrameworksBuildPhase;
			buildActionMask = 2147483647;
			files = (
				0693238051F2DFB014E465BF /* Pods_Meal_Finder_Meal_FinderUITests.framework in Frameworks */,
			);
			runOnlyForDeploymentPostprocessing = 0;
		};
/* End PBXFrameworksBuildPhase section */

/* Begin PBXGroup section */
		89F980A2BD4ECB79E287B04A /* Frameworks */ = {
			isa = PBXGroup;
			children = (
				37A072B39C849ECB56725DFF /* Pods_Meal_Finder.framework */,
				8CC5E8B9CDDBA562284242D3 /* Pods_Meal_Finder_Meal_FinderUITests.framework */,
				535BF2BAF2C8056AFF580B89 /* Pods_Meal_FinderTests.framework */,
			);
			name = Frameworks;
			sourceTree = "<group>";
		};
		B5AD0DF429D3DEB200F0C9EC = {
			isa = PBXGroup;
			children = (
				B5AD0DFF29D3DEB200F0C9EC /* Meal Finder */,
				B5AD0E1629D3DEB400F0C9EC /* Meal FinderTests */,
				B5AD0E2029D3DEB500F0C9EC /* Meal FinderUITests */,
				B5AD0DFE29D3DEB200F0C9EC /* Products */,
				F301579BB35426724C9E9948 /* Pods */,
				89F980A2BD4ECB79E287B04A /* Frameworks */,
			);
			sourceTree = "<group>";
		};
		B5AD0DFE29D3DEB200F0C9EC /* Products */ = {
			isa = PBXGroup;
			children = (
				B5AD0DFD29D3DEB200F0C9EC /* Meal Finder.app */,
				B5AD0E1329D3DEB400F0C9EC /* Meal FinderTests.xctest */,
				B5AD0E1D29D3DEB500F0C9EC /* Meal FinderUITests.xctest */,
			);
			name = Products;
			sourceTree = "<group>";
		};
		B5AD0DFF29D3DEB200F0C9EC /* Meal Finder */ = {
			isa = PBXGroup;
			children = (
				B55E734929D43B5A0061158E /* DetailVC.swift */,
				B5AD0E0429D3DEB200F0C9EC /* ViewController.swift */,
				B5AD0E3229D3EF0400F0C9EC /* MealCollectionCell.swift */,
				B56C968A2A0B79F80078B785 /* FavoriteVC.swift */,
				B5617BDE2A0CC1D1009F481D /* TableViewCell.swift */,
				B528C8F52A0E8F1500A3E3DD /* HomeVC.swift */,
				B528C8F72A0E8F4E00A3E3DD /* HistoryVC.swift */,
				B5AD0E3029D3E68D00F0C9EC /* MealClass.swift */,
				B5AD0E0629D3DEB200F0C9EC /* Main.storyboard */,
				B5AD0E3329D3EF0400F0C9EC /* MealCollectionCell.xib */,
				B5617BDF2A0CC1D1009F481D /* TableViewCell.xib */,
				B5AD0E0029D3DEB200F0C9EC /* AppDelegate.swift */,
				B5AD0E0229D3DEB200F0C9EC /* SceneDelegate.swift */,
				B5AD0E0929D3DEB400F0C9EC /* Assets.xcassets */,
				B5AD0E0B29D3DEB400F0C9EC /* LaunchScreen.storyboard */,
				B5AD0E0E29D3DEB400F0C9EC /* Info.plist */,
				B56026E32A13649C00122684 /* InggredientCell.swift */,
				B56026E42A13649C00122684 /* InggredientCell.xib */,
				B5F6465A2A15DDA20059AD8D /* Checkbox.swift */,
			);
			path = "Meal Finder";
			sourceTree = "<group>";
		};
		B5AD0E1629D3DEB400F0C9EC /* Meal FinderTests */ = {
			isa = PBXGroup;
			children = (
				B5AD0E1729D3DEB400F0C9EC /* Meal_FinderTests.swift */,
			);
			path = "Meal FinderTests";
			sourceTree = "<group>";
		};
		B5AD0E2029D3DEB500F0C9EC /* Meal FinderUITests */ = {
			isa = PBXGroup;
			children = (
				B5AD0E2129D3DEB500F0C9EC /* Meal_FinderUITests.swift */,
				B5AD0E2329D3DEB500F0C9EC /* Meal_FinderUITestsLaunchTests.swift */,
			);
			path = "Meal FinderUITests";
			sourceTree = "<group>";
		};
		F301579BB35426724C9E9948 /* Pods */ = {
			isa = PBXGroup;
			children = (
				E5EDAD69FF4E263DD9924D24 /* Pods-Meal Finder.debug.xcconfig */,
				B68D10B1A8D81B730A1AB633 /* Pods-Meal Finder.release.xcconfig */,
				8899DD0E000C42529311E347 /* Pods-Meal Finder-Meal FinderUITests.debug.xcconfig */,
				D91798C830AC53819B997207 /* Pods-Meal Finder-Meal FinderUITests.release.xcconfig */,
				677A792B615B027AF4F54497 /* Pods-Meal FinderTests.debug.xcconfig */,
				7E8225E55EC9C2D76A5E355C /* Pods-Meal FinderTests.release.xcconfig */,
			);
			path = Pods;
			sourceTree = "<group>";
		};
/* End PBXGroup section */

/* Begin PBXNativeTarget section */
		B5AD0DFC29D3DEB200F0C9EC /* Meal Finder */ = {
			isa = PBXNativeTarget;
			buildConfigurationList = B5AD0E2729D3DEB500F0C9EC /* Build configuration list for PBXNativeTarget "Meal Finder" */;
			buildPhases = (
				9B576DFC001C41375F3BD601 /* [CP] Check Pods Manifest.lock */,
				B5AD0DF929D3DEB200F0C9EC /* Sources */,
				B5AD0DFA29D3DEB200F0C9EC /* Frameworks */,
				B5AD0DFB29D3DEB200F0C9EC /* Resources */,
				968226856484A044C0D7DE29 /* [CP] Embed Pods Frameworks */,
			);
			buildRules = (
			);
			dependencies = (
			);
			name = "Meal Finder";
			productName = "Meal Finder";
			productReference = B5AD0DFD29D3DEB200F0C9EC /* Meal Finder.app */;
			productType = "com.apple.product-type.application";
		};
		B5AD0E1229D3DEB400F0C9EC /* Meal FinderTests */ = {
			isa = PBXNativeTarget;
			buildConfigurationList = B5AD0E2A29D3DEB500F0C9EC /* Build configuration list for PBXNativeTarget "Meal FinderTests" */;
			buildPhases = (
				2817A84C1378F274AFE57944 /* [CP] Check Pods Manifest.lock */,
				B5AD0E0F29D3DEB400F0C9EC /* Sources */,
				B5AD0E1029D3DEB400F0C9EC /* Frameworks */,
				B5AD0E1129D3DEB400F0C9EC /* Resources */,
			);
			buildRules = (
			);
			dependencies = (
				B5AD0E1529D3DEB400F0C9EC /* PBXTargetDependency */,
			);
			name = "Meal FinderTests";
			productName = "Meal FinderTests";
			productReference = B5AD0E1329D3DEB400F0C9EC /* Meal FinderTests.xctest */;
			productType = "com.apple.product-type.bundle.unit-test";
		};
		B5AD0E1C29D3DEB500F0C9EC /* Meal FinderUITests */ = {
			isa = PBXNativeTarget;
			buildConfigurationList = B5AD0E2D29D3DEB500F0C9EC /* Build configuration list for PBXNativeTarget "Meal FinderUITests" */;
			buildPhases = (
				5086F9B0998E2390B2B1DAB1 /* [CP] Check Pods Manifest.lock */,
				B5AD0E1929D3DEB500F0C9EC /* Sources */,
				B5AD0E1A29D3DEB500F0C9EC /* Frameworks */,
				B5AD0E1B29D3DEB500F0C9EC /* Resources */,
				A1FF0700A1FE5F7772EA198A /* [CP] Embed Pods Frameworks */,
			);
			buildRules = (
			);
			dependencies = (
				B5AD0E1F29D3DEB500F0C9EC /* PBXTargetDependency */,
			);
			name = "Meal FinderUITests";
			productName = "Meal FinderUITests";
			productReference = B5AD0E1D29D3DEB500F0C9EC /* Meal FinderUITests.xctest */;
			productType = "com.apple.product-type.bundle.ui-testing";
		};
/* End PBXNativeTarget section */

/* Begin PBXProject section */
		B5AD0DF529D3DEB200F0C9EC /* Project object */ = {
			isa = PBXProject;
			attributes = {
				BuildIndependentTargetsInParallel = 1;
				LastSwiftUpdateCheck = 1420;
				LastUpgradeCheck = 1420;
				TargetAttributes = {
					B5AD0DFC29D3DEB200F0C9EC = {
						CreatedOnToolsVersion = 14.2;
					};
					B5AD0E1229D3DEB400F0C9EC = {
						CreatedOnToolsVersion = 14.2;
						TestTargetID = B5AD0DFC29D3DEB200F0C9EC;
					};
					B5AD0E1C29D3DEB500F0C9EC = {
						CreatedOnToolsVersion = 14.2;
						TestTargetID = B5AD0DFC29D3DEB200F0C9EC;
					};
				};
			};
			buildConfigurationList = B5AD0DF829D3DEB200F0C9EC /* Build configuration list for PBXProject "Meal Finder" */;
			compatibilityVersion = "Xcode 14.0";
			developmentRegion = en;
			hasScannedForEncodings = 0;
			knownRegions = (
				en,
				Base,
			);
			mainGroup = B5AD0DF429D3DEB200F0C9EC;
			productRefGroup = B5AD0DFE29D3DEB200F0C9EC /* Products */;
			projectDirPath = "";
			projectRoot = "";
			targets = (
				B5AD0DFC29D3DEB200F0C9EC /* Meal Finder */,
				B5AD0E1229D3DEB400F0C9EC /* Meal FinderTests */,
				B5AD0E1C29D3DEB500F0C9EC /* Meal FinderUITests */,
			);
		};
/* End PBXProject section */

/* Begin PBXResourcesBuildPhase section */
		B5AD0DFB29D3DEB200F0C9EC /* Resources */ = {
			isa = PBXResourcesBuildPhase;
			buildActionMask = 2147483647;
			files = (
				B56026E62A13649C00122684 /* InggredientCell.xib in Resources */,
				B5AD0E0D29D3DEB400F0C9EC /* LaunchScreen.storyboard in Resources */,
				B5617BE12A0CC1D1009F481D /* TableViewCell.xib in Resources */,
				B5AD0E0A29D3DEB400F0C9EC /* Assets.xcassets in Resources */,
				B5AD0E3529D3EF0400F0C9EC /* MealCollectionCell.xib in Resources */,
				B5AD0E0829D3DEB200F0C9EC /* Main.storyboard in Resources */,
			);
			runOnlyForDeploymentPostprocessing = 0;
		};
		B5AD0E1129D3DEB400F0C9EC /* Resources */ = {
			isa = PBXResourcesBuildPhase;
			buildActionMask = 2147483647;
			files = (
			);
			runOnlyForDeploymentPostprocessing = 0;
		};
		B5AD0E1B29D3DEB500F0C9EC /* Resources */ = {
			isa = PBXResourcesBuildPhase;
			buildActionMask = 2147483647;
			files = (
			);
			runOnlyForDeploymentPostprocessing = 0;
		};
/* End PBXResourcesBuildPhase section */

/* Begin PBXShellScriptBuildPhase section */
		2817A84C1378F274AFE57944 /* [CP] Check Pods Manifest.lock */ = {
			isa = PBXShellScriptBuildPhase;
			buildActionMask = 2147483647;
			files = (
			);
			inputFileListPaths = (
			);
			inputPaths = (
				"${PODS_PODFILE_DIR_PATH}/Podfile.lock",
				"${PODS_ROOT}/Manifest.lock",
			);
			name = "[CP] Check Pods Manifest.lock";
			outputFileListPaths = (
			);
			outputPaths = (
				"$(DERIVED_FILE_DIR)/Pods-Meal FinderTests-checkManifestLockResult.txt",
			);
			runOnlyForDeploymentPostprocessing = 0;
			shellPath = /bin/sh;
			shellScript = "diff \"${PODS_PODFILE_DIR_PATH}/Podfile.lock\" \"${PODS_ROOT}/Manifest.lock\" > /dev/null\nif [ $? != 0 ] ; then\n    # print error to STDERR\n    echo \"error: The sandbox is not in sync with the Podfile.lock. Run 'pod install' or update your CocoaPods installation.\" >&2\n    exit 1\nfi\n# This output is used by Xcode 'outputs' to avoid re-running this script phase.\necho \"SUCCESS\" > \"${SCRIPT_OUTPUT_FILE_0}\"\n";
			showEnvVarsInLog = 0;
		};
		5086F9B0998E2390B2B1DAB1 /* [CP] Check Pods Manifest.lock */ = {
			isa = PBXShellScriptBuildPhase;
			buildActionMask = 2147483647;
			files = (
			);
			inputFileListPaths = (
			);
			inputPaths = (
				"${PODS_PODFILE_DIR_PATH}/Podfile.lock",
				"${PODS_ROOT}/Manifest.lock",
			);
			name = "[CP] Check Pods Manifest.lock";
			outputFileListPaths = (
			);
			outputPaths = (
				"$(DERIVED_FILE_DIR)/Pods-Meal Finder-Meal FinderUITests-checkManifestLockResult.txt",
			);
			runOnlyForDeploymentPostprocessing = 0;
			shellPath = /bin/sh;
			shellScript = "diff \"${PODS_PODFILE_DIR_PATH}/Podfile.lock\" \"${PODS_ROOT}/Manifest.lock\" > /dev/null\nif [ $? != 0 ] ; then\n    # print error to STDERR\n    echo \"error: The sandbox is not in sync with the Podfile.lock. Run 'pod install' or update your CocoaPods installation.\" >&2\n    exit 1\nfi\n# This output is used by Xcode 'outputs' to avoid re-running this script phase.\necho \"SUCCESS\" > \"${SCRIPT_OUTPUT_FILE_0}\"\n";
			showEnvVarsInLog = 0;
		};
		968226856484A044C0D7DE29 /* [CP] Embed Pods Frameworks */ = {
			isa = PBXShellScriptBuildPhase;
			buildActionMask = 2147483647;
			files = (
			);
			inputFileListPaths = (
				"${PODS_ROOT}/Target Support Files/Pods-Meal Finder/Pods-Meal Finder-frameworks-${CONFIGURATION}-input-files.xcfilelist",
			);
			name = "[CP] Embed Pods Frameworks";
			outputFileListPaths = (
				"${PODS_ROOT}/Target Support Files/Pods-Meal Finder/Pods-Meal Finder-frameworks-${CONFIGURATION}-output-files.xcfilelist",
			);
			runOnlyForDeploymentPostprocessing = 0;
			shellPath = /bin/sh;
			shellScript = "\"${PODS_ROOT}/Target Support Files/Pods-Meal Finder/Pods-Meal Finder-frameworks.sh\"\n";
			showEnvVarsInLog = 0;
		};
		9B576DFC001C41375F3BD601 /* [CP] Check Pods Manifest.lock */ = {
			isa = PBXShellScriptBuildPhase;
			buildActionMask = 2147483647;
			files = (
			);
			inputFileListPaths = (
			);
			inputPaths = (
				"${PODS_PODFILE_DIR_PATH}/Podfile.lock",
				"${PODS_ROOT}/Manifest.lock",
			);
			name = "[CP] Check Pods Manifest.lock";
			outputFileListPaths = (
			);
			outputPaths = (
				"$(DERIVED_FILE_DIR)/Pods-Meal Finder-checkManifestLockResult.txt",
			);
			runOnlyForDeploymentPostprocessing = 0;
			shellPath = /bin/sh;
			shellScript = "diff \"${PODS_PODFILE_DIR_PATH}/Podfile.lock\" \"${PODS_ROOT}/Manifest.lock\" > /dev/null\nif [ $? != 0 ] ; then\n    # print error to STDERR\n    echo \"error: The sandbox is not in sync with the Podfile.lock. Run 'pod install' or update your CocoaPods installation.\" >&2\n    exit 1\nfi\n# This output is used by Xcode 'outputs' to avoid re-running this script phase.\necho \"SUCCESS\" > \"${SCRIPT_OUTPUT_FILE_0}\"\n";
			showEnvVarsInLog = 0;
		};
		A1FF0700A1FE5F7772EA198A /* [CP] Embed Pods Frameworks */ = {
			isa = PBXShellScriptBuildPhase;
			buildActionMask = 2147483647;
			files = (
			);
			inputFileListPaths = (
				"${PODS_ROOT}/Target Support Files/Pods-Meal Finder-Meal FinderUITests/Pods-Meal Finder-Meal FinderUITests-frameworks-${CONFIGURATION}-input-files.xcfilelist",
			);
			name = "[CP] Embed Pods Frameworks";
			outputFileListPaths = (
				"${PODS_ROOT}/Target Support Files/Pods-Meal Finder-Meal FinderUITests/Pods-Meal Finder-Meal FinderUITests-frameworks-${CONFIGURATION}-output-files.xcfilelist",
			);
			runOnlyForDeploymentPostprocessing = 0;
			shellPath = /bin/sh;
			shellScript = "\"${PODS_ROOT}/Target Support Files/Pods-Meal Finder-Meal FinderUITests/Pods-Meal Finder-Meal FinderUITests-frameworks.sh\"\n";
			showEnvVarsInLog = 0;
		};
/* End PBXShellScriptBuildPhase section */

/* Begin PBXSourcesBuildPhase section */
		B5AD0DF929D3DEB200F0C9EC /* Sources */ = {
			isa = PBXSourcesBuildPhase;
			buildActionMask = 2147483647;
			files = (
				B5AD0E0529D3DEB200F0C9EC /* ViewController.swift in Sources */,
				B528C8F82A0E8F4E00A3E3DD /* HistoryVC.swift in Sources */,
				B56026E52A13649C00122684 /* InggredientCell.swift in Sources */,
				B5AD0E3429D3EF0400F0C9EC /* MealCollectionCell.swift in Sources */,
				B5AD0E0129D3DEB200F0C9EC /* AppDelegate.swift in Sources */,
				B5AD0E0329D3DEB200F0C9EC /* SceneDelegate.swift in Sources */,
				B56C968B2A0B79F80078B785 /* FavoriteVC.swift in Sources */,
				B5617BE02A0CC1D1009F481D /* TableViewCell.swift in Sources */,
				B5F6465B2A15DDA20059AD8D /* Checkbox.swift in Sources */,
				B5AD0E3129D3E68D00F0C9EC /* MealClass.swift in Sources */,
				B528C8F62A0E8F1500A3E3DD /* HomeVC.swift in Sources */,
				B55E734A29D43B5A0061158E /* DetailVC.swift in Sources */,
			);
			runOnlyForDeploymentPostprocessing = 0;
		};
		B5AD0E0F29D3DEB400F0C9EC /* Sources */ = {
			isa = PBXSourcesBuildPhase;
			buildActionMask = 2147483647;
			files = (
				B5AD0E1829D3DEB400F0C9EC /* Meal_FinderTests.swift in Sources */,
			);
			runOnlyForDeploymentPostprocessing = 0;
		};
		B5AD0E1929D3DEB500F0C9EC /* Sources */ = {
			isa = PBXSourcesBuildPhase;
			buildActionMask = 2147483647;
			files = (
				B5AD0E2229D3DEB500F0C9EC /* Meal_FinderUITests.swift in Sources */,
				B5AD0E2429D3DEB500F0C9EC /* Meal_FinderUITestsLaunchTests.swift in Sources */,
			);
			runOnlyForDeploymentPostprocessing = 0;
		};
/* End PBXSourcesBuildPhase section */

/* Begin PBXTargetDependency section */
		B5AD0E1529D3DEB400F0C9EC /* PBXTargetDependency */ = {
			isa = PBXTargetDependency;
			target = B5AD0DFC29D3DEB200F0C9EC /* Meal Finder */;
			targetProxy = B5AD0E1429D3DEB400F0C9EC /* PBXContainerItemProxy */;
		};
		B5AD0E1F29D3DEB500F0C9EC /* PBXTargetDependency */ = {
			isa = PBXTargetDependency;
			target = B5AD0DFC29D3DEB200F0C9EC /* Meal Finder */;
			targetProxy = B5AD0E1E29D3DEB500F0C9EC /* PBXContainerItemProxy */;
		};
/* End PBXTargetDependency section */

/* Begin PBXVariantGroup section */
		B5AD0E0629D3DEB200F0C9EC /* Main.storyboard */ = {
			isa = PBXVariantGroup;
			children = (
				B5AD0E0729D3DEB200F0C9EC /* Base */,
			);
			name = Main.storyboard;
			sourceTree = "<group>";
		};
		B5AD0E0B29D3DEB400F0C9EC /* LaunchScreen.storyboard */ = {
			isa = PBXVariantGroup;
			children = (
				B5AD0E0C29D3DEB400F0C9EC /* Base */,
			);
			name = LaunchScreen.storyboard;
			sourceTree = "<group>";
		};
/* End PBXVariantGroup section */

/* Begin XCBuildConfiguration section */
		B5AD0E2529D3DEB500F0C9EC /* Debug */ = {
			isa = XCBuildConfiguration;
			buildSettings = {
				ALWAYS_SEARCH_USER_PATHS = NO;
				CLANG_ANALYZER_NONNULL = YES;
				CLANG_ANALYZER_NUMBER_OBJECT_CONVERSION = YES_AGGRESSIVE;
				CLANG_CXX_LANGUAGE_STANDARD = "gnu++20";
				CLANG_ENABLE_MODULES = YES;
				CLANG_ENABLE_OBJC_ARC = YES;
				CLANG_ENABLE_OBJC_WEAK = YES;
				CLANG_WARN_BLOCK_CAPTURE_AUTORELEASING = YES;
				CLANG_WARN_BOOL_CONVERSION = YES;
				CLANG_WARN_COMMA = YES;
				CLANG_WARN_CONSTANT_CONVERSION = YES;
				CLANG_WARN_DEPRECATED_OBJC_IMPLEMENTATIONS = YES;
				CLANG_WARN_DIRECT_OBJC_ISA_USAGE = YES_ERROR;
				CLANG_WARN_DOCUMENTATION_COMMENTS = YES;
				CLANG_WARN_EMPTY_BODY = YES;
				CLANG_WARN_ENUM_CONVERSION = YES;
				CLANG_WARN_INFINITE_RECURSION = YES;
				CLANG_WARN_INT_CONVERSION = YES;
				CLANG_WARN_NON_LITERAL_NULL_CONVERSION = YES;
				CLANG_WARN_OBJC_IMPLICIT_RETAIN_SELF = YES;
				CLANG_WARN_OBJC_LITERAL_CONVERSION = YES;
				CLANG_WARN_OBJC_ROOT_CLASS = YES_ERROR;
				CLANG_WARN_QUOTED_INCLUDE_IN_FRAMEWORK_HEADER = YES;
				CLANG_WARN_RANGE_LOOP_ANALYSIS = YES;
				CLANG_WARN_STRICT_PROTOTYPES = YES;
				CLANG_WARN_SUSPICIOUS_MOVE = YES;
				CLANG_WARN_UNGUARDED_AVAILABILITY = YES_AGGRESSIVE;
				CLANG_WARN_UNREACHABLE_CODE = YES;
				CLANG_WARN__DUPLICATE_METHOD_MATCH = YES;
				COPY_PHASE_STRIP = NO;
				DEBUG_INFORMATION_FORMAT = dwarf;
				ENABLE_STRICT_OBJC_MSGSEND = YES;
				ENABLE_TESTABILITY = YES;
				GCC_C_LANGUAGE_STANDARD = gnu11;
				GCC_DYNAMIC_NO_PIC = NO;
				GCC_NO_COMMON_BLOCKS = YES;
				GCC_OPTIMIZATION_LEVEL = 0;
				GCC_PREPROCESSOR_DEFINITIONS = (
					"DEBUG=1",
					"$(inherited)",
				);
				GCC_WARN_64_TO_32_BIT_CONVERSION = YES;
				GCC_WARN_ABOUT_RETURN_TYPE = YES_ERROR;
				GCC_WARN_UNDECLARED_SELECTOR = YES;
				GCC_WARN_UNINITIALIZED_AUTOS = YES_AGGRESSIVE;
				GCC_WARN_UNUSED_FUNCTION = YES;
				GCC_WARN_UNUSED_VARIABLE = YES;
				IPHONEOS_DEPLOYMENT_TARGET = 16.2;
				MTL_ENABLE_DEBUG_INFO = INCLUDE_SOURCE;
				MTL_FAST_MATH = YES;
				ONLY_ACTIVE_ARCH = YES;
				SDKROOT = iphoneos;
				SWIFT_ACTIVE_COMPILATION_CONDITIONS = DEBUG;
				SWIFT_OPTIMIZATION_LEVEL = "-Onone";
			};
			name = Debug;
		};
		B5AD0E2629D3DEB500F0C9EC /* Release */ = {
			isa = XCBuildConfiguration;
			buildSettings = {
				ALWAYS_SEARCH_USER_PATHS = NO;
				CLANG_ANALYZER_NONNULL = YES;
				CLANG_ANALYZER_NUMBER_OBJECT_CONVERSION = YES_AGGRESSIVE;
				CLANG_CXX_LANGUAGE_STANDARD = "gnu++20";
				CLANG_ENABLE_MODULES = YES;
				CLANG_ENABLE_OBJC_ARC = YES;
				CLANG_ENABLE_OBJC_WEAK = YES;
				CLANG_WARN_BLOCK_CAPTURE_AUTORELEASING = YES;
				CLANG_WARN_BOOL_CONVERSION = YES;
				CLANG_WARN_COMMA = YES;
				CLANG_WARN_CONSTANT_CONVERSION = YES;
				CLANG_WARN_DEPRECATED_OBJC_IMPLEMENTATIONS = YES;
				CLANG_WARN_DIRECT_OBJC_ISA_USAGE = YES_ERROR;
				CLANG_WARN_DOCUMENTATION_COMMENTS = YES;
				CLANG_WARN_EMPTY_BODY = YES;
				CLANG_WARN_ENUM_CONVERSION = YES;
				CLANG_WARN_INFINITE_RECURSION = YES;
				CLANG_WARN_INT_CONVERSION = YES;
				CLANG_WARN_NON_LITERAL_NULL_CONVERSION = YES;
				CLANG_WARN_OBJC_IMPLICIT_RETAIN_SELF = YES;
				CLANG_WARN_OBJC_LITERAL_CONVERSION = YES;
				CLANG_WARN_OBJC_ROOT_CLASS = YES_ERROR;
				CLANG_WARN_QUOTED_INCLUDE_IN_FRAMEWORK_HEADER = YES;
				CLANG_WARN_RANGE_LOOP_ANALYSIS = YES;
				CLANG_WARN_STRICT_PROTOTYPES = YES;
				CLANG_WARN_SUSPICIOUS_MOVE = YES;
				CLANG_WARN_UNGUARDED_AVAILABILITY = YES_AGGRESSIVE;
				CLANG_WARN_UNREACHABLE_CODE = YES;
				CLANG_WARN__DUPLICATE_METHOD_MATCH = YES;
				COPY_PHASE_STRIP = NO;
				DEBUG_INFORMATION_FORMAT = "dwarf-with-dsym";
				ENABLE_NS_ASSERTIONS = NO;
				ENABLE_STRICT_OBJC_MSGSEND = YES;
				GCC_C_LANGUAGE_STANDARD = gnu11;
				GCC_NO_COMMON_BLOCKS = YES;
				GCC_WARN_64_TO_32_BIT_CONVERSION = YES;
				GCC_WARN_ABOUT_RETURN_TYPE = YES_ERROR;
				GCC_WARN_UNDECLARED_SELECTOR = YES;
				GCC_WARN_UNINITIALIZED_AUTOS = YES_AGGRESSIVE;
				GCC_WARN_UNUSED_FUNCTION = YES;
				GCC_WARN_UNUSED_VARIABLE = YES;
				IPHONEOS_DEPLOYMENT_TARGET = 16.2;
				MTL_ENABLE_DEBUG_INFO = NO;
				MTL_FAST_MATH = YES;
				SDKROOT = iphoneos;
				SWIFT_COMPILATION_MODE = wholemodule;
				SWIFT_OPTIMIZATION_LEVEL = "-O";
				VALIDATE_PRODUCT = YES;
			};
			name = Release;
		};
		B5AD0E2829D3DEB500F0C9EC /* Debug */ = {
			isa = XCBuildConfiguration;
			baseConfigurationReference = E5EDAD69FF4E263DD9924D24 /* Pods-Meal Finder.debug.xcconfig */;
			buildSettings = {
				ASSETCATALOG_COMPILER_APPICON_NAME = AppIcon;
				ASSETCATALOG_COMPILER_GLOBAL_ACCENT_COLOR_NAME = AccentColor;
				CODE_SIGN_STYLE = Automatic;
				CURRENT_PROJECT_VERSION = 1;
				DEVELOPMENT_TEAM = 7JG62S5C39;
				GENERATE_INFOPLIST_FILE = YES;
				INFOPLIST_FILE = "Meal Finder/Info.plist";
				INFOPLIST_KEY_UIApplicationSupportsIndirectInputEvents = YES;
				INFOPLIST_KEY_UILaunchStoryboardName = LaunchScreen;
				INFOPLIST_KEY_UIMainStoryboardFile = Main;
				INFOPLIST_KEY_UISupportedInterfaceOrientations_iPad = "UIInterfaceOrientationPortrait UIInterfaceOrientationPortraitUpsideDown UIInterfaceOrientationLandscapeLeft UIInterfaceOrientationLandscapeRight";
				INFOPLIST_KEY_UISupportedInterfaceOrientations_iPhone = "UIInterfaceOrientationPortrait UIInterfaceOrientationLandscapeLeft UIInterfaceOrientationLandscapeRight";
				IPHONEOS_DEPLOYMENT_TARGET = 15.4;
				LD_RUNPATH_SEARCH_PATHS = (
					"$(inherited)",
					"@executable_path/Frameworks",
				);
				MARKETING_VERSION = 1.0;
				PRODUCT_BUNDLE_IDENTIFIER = "Ocean.Meal-Finder";
				PRODUCT_NAME = "$(TARGET_NAME)";
				SWIFT_EMIT_LOC_STRINGS = YES;
				SWIFT_VERSION = 5.0;
				TARGETED_DEVICE_FAMILY = "1,2";
			};
			name = Debug;
		};
		B5AD0E2929D3DEB500F0C9EC /* Release */ = {
			isa = XCBuildConfiguration;
			baseConfigurationReference = B68D10B1A8D81B730A1AB633 /* Pods-Meal Finder.release.xcconfig */;
			buildSettings = {
				ASSETCATALOG_COMPILER_APPICON_NAME = AppIcon;
				ASSETCATALOG_COMPILER_GLOBAL_ACCENT_COLOR_NAME = AccentColor;
				CODE_SIGN_STYLE = Automatic;
				CURRENT_PROJECT_VERSION = 1;
				DEVELOPMENT_TEAM = 7JG62S5C39;
				GENERATE_INFOPLIST_FILE = YES;
				INFOPLIST_FILE = "Meal Finder/Info.plist";
				INFOPLIST_KEY_UIApplicationSupportsIndirectInputEvents = YES;
				INFOPLIST_KEY_UILaunchStoryboardName = LaunchScreen;
				INFOPLIST_KEY_UIMainStoryboardFile = Main;
				INFOPLIST_KEY_UISupportedInterfaceOrientations_iPad = "UIInterfaceOrientationPortrait UIInterfaceOrientationPortraitUpsideDown UIInterfaceOrientationLandscapeLeft UIInterfaceOrientationLandscapeRight";
				INFOPLIST_KEY_UISupportedInterfaceOrientations_iPhone = "UIInterfaceOrientationPortrait UIInterfaceOrientationLandscapeLeft UIInterfaceOrientationLandscapeRight";
				IPHONEOS_DEPLOYMENT_TARGET = 15.4;
				LD_RUNPATH_SEARCH_PATHS = (
					"$(inherited)",
					"@executable_path/Frameworks",
				);
				MARKETING_VERSION = 1.0;
				PRODUCT_BUNDLE_IDENTIFIER = "Ocean.Meal-Finder";
				PRODUCT_NAME = "$(TARGET_NAME)";
				SWIFT_EMIT_LOC_STRINGS = YES;
				SWIFT_VERSION = 5.0;
				TARGETED_DEVICE_FAMILY = "1,2";
			};
			name = Release;
		};
		B5AD0E2B29D3DEB500F0C9EC /* Debug */ = {
			isa = XCBuildConfiguration;
			baseConfigurationReference = 677A792B615B027AF4F54497 /* Pods-Meal FinderTests.debug.xcconfig */;
			buildSettings = {
				ALWAYS_EMBED_SWIFT_STANDARD_LIBRARIES = YES;
				BUNDLE_LOADER = "$(TEST_HOST)";
				CODE_SIGN_STYLE = Automatic;
				CURRENT_PROJECT_VERSION = 1;
				GENERATE_INFOPLIST_FILE = YES;
				IPHONEOS_DEPLOYMENT_TARGET = 16.2;
				MARKETING_VERSION = 1.0;
				PRODUCT_BUNDLE_IDENTIFIER = "Ocean.Meal-FinderTests";
				PRODUCT_NAME = "$(TARGET_NAME)";
				SWIFT_EMIT_LOC_STRINGS = NO;
				SWIFT_VERSION = 5.0;
				TARGETED_DEVICE_FAMILY = "1,2";
				TEST_HOST = "$(BUILT_PRODUCTS_DIR)/Meal Finder.app/$(BUNDLE_EXECUTABLE_FOLDER_PATH)/Meal Finder";
			};
			name = Debug;
		};
		B5AD0E2C29D3DEB500F0C9EC /* Release */ = {
			isa = XCBuildConfiguration;
			baseConfigurationReference = 7E8225E55EC9C2D76A5E355C /* Pods-Meal FinderTests.release.xcconfig */;
			buildSettings = {
				ALWAYS_EMBED_SWIFT_STANDARD_LIBRARIES = YES;
				BUNDLE_LOADER = "$(TEST_HOST)";
				CODE_SIGN_STYLE = Automatic;
				CURRENT_PROJECT_VERSION = 1;
				GENERATE_INFOPLIST_FILE = YES;
				IPHONEOS_DEPLOYMENT_TARGET = 16.2;
				MARKETING_VERSION = 1.0;
				PRODUCT_BUNDLE_IDENTIFIER = "Ocean.Meal-FinderTests";
				PRODUCT_NAME = "$(TARGET_NAME)";
				SWIFT_EMIT_LOC_STRINGS = NO;
				SWIFT_VERSION = 5.0;
				TARGETED_DEVICE_FAMILY = "1,2";
				TEST_HOST = "$(BUILT_PRODUCTS_DIR)/Meal Finder.app/$(BUNDLE_EXECUTABLE_FOLDER_PATH)/Meal Finder";
			};
			name = Release;
		};
		B5AD0E2E29D3DEB500F0C9EC /* Debug */ = {
			isa = XCBuildConfiguration;
			baseConfigurationReference = 8899DD0E000C42529311E347 /* Pods-Meal Finder-Meal FinderUITests.debug.xcconfig */;
			buildSettings = {
				ALWAYS_EMBED_SWIFT_STANDARD_LIBRARIES = YES;
				CODE_SIGN_STYLE = Automatic;
				CURRENT_PROJECT_VERSION = 1;
				GENERATE_INFOPLIST_FILE = YES;
				MARKETING_VERSION = 1.0;
				PRODUCT_BUNDLE_IDENTIFIER = "Ocean.Meal-FinderUITests";
				PRODUCT_NAME = "$(TARGET_NAME)";
				SWIFT_EMIT_LOC_STRINGS = NO;
				SWIFT_VERSION = 5.0;
				TARGETED_DEVICE_FAMILY = "1,2";
				TEST_TARGET_NAME = "Meal Finder";
			};
			name = Debug;
		};
		B5AD0E2F29D3DEB500F0C9EC /* Release */ = {
			isa = XCBuildConfiguration;
			baseConfigurationReference = D91798C830AC53819B997207 /* Pods-Meal Finder-Meal FinderUITests.release.xcconfig */;
			buildSettings = {
				ALWAYS_EMBED_SWIFT_STANDARD_LIBRARIES = YES;
				CODE_SIGN_STYLE = Automatic;
				CURRENT_PROJECT_VERSION = 1;
				GENERATE_INFOPLIST_FILE = YES;
				MARKETING_VERSION = 1.0;
				PRODUCT_BUNDLE_IDENTIFIER = "Ocean.Meal-FinderUITests";
				PRODUCT_NAME = "$(TARGET_NAME)";
				SWIFT_EMIT_LOC_STRINGS = NO;
				SWIFT_VERSION = 5.0;
				TARGETED_DEVICE_FAMILY = "1,2";
				TEST_TARGET_NAME = "Meal Finder";
			};
			name = Release;
		};
/* End XCBuildConfiguration section */

/* Begin XCConfigurationList section */
		B5AD0DF829D3DEB200F0C9EC /* Build configuration list for PBXProject "Meal Finder" */ = {
			isa = XCConfigurationList;
			buildConfigurations = (
				B5AD0E2529D3DEB500F0C9EC /* Debug */,
				B5AD0E2629D3DEB500F0C9EC /* Release */,
			);
			defaultConfigurationIsVisible = 0;
			defaultConfigurationName = Release;
		};
		B5AD0E2729D3DEB500F0C9EC /* Build configuration list for PBXNativeTarget "Meal Finder" */ = {
			isa = XCConfigurationList;
			buildConfigurations = (
				B5AD0E2829D3DEB500F0C9EC /* Debug */,
				B5AD0E2929D3DEB500F0C9EC /* Release */,
			);
			defaultConfigurationIsVisible = 0;
			defaultConfigurationName = Release;
		};
		B5AD0E2A29D3DEB500F0C9EC /* Build configuration list for PBXNativeTarget "Meal FinderTests" */ = {
			isa = XCConfigurationList;
			buildConfigurations = (
				B5AD0E2B29D3DEB500F0C9EC /* Debug */,
				B5AD0E2C29D3DEB500F0C9EC /* Release */,
			);
			defaultConfigurationIsVisible = 0;
			defaultConfigurationName = Release;
		};
		B5AD0E2D29D3DEB500F0C9EC /* Build configuration list for PBXNativeTarget "Meal FinderUITests" */ = {
			isa = XCConfigurationList;
			buildConfigurations = (
				B5AD0E2E29D3DEB500F0C9EC /* Debug */,
				B5AD0E2F29D3DEB500F0C9EC /* Release */,
			);
			defaultConfigurationIsVisible = 0;
			defaultConfigurationName = Release;
		};
/* End XCConfigurationList section */
	};
	rootObject = B5AD0DF529D3DEB200F0C9EC /* Project object */;
}
